// !$*UTF8*$!
{
	archiveVersion = 1;
	classes = {
	};
	objectVersion = 70;
	objects = {

/* Begin PBXBuildFile section */
		2F49B7762980407C00BCB272 /* Spezi in Frameworks */ = {isa = PBXBuildFile; productRef = 2F49B7752980407B00BCB272 /* Spezi */; };
		2FB099AF2A875DF100B20952 /* FirebaseAuth in Frameworks */ = {isa = PBXBuildFile; productRef = 2FB099AE2A875DF100B20952 /* FirebaseAuth */; };
		2FB099B12A875DF100B20952 /* FirebaseFirestore in Frameworks */ = {isa = PBXBuildFile; productRef = 2FB099B02A875DF100B20952 /* FirebaseFirestore */; };
		2FB099B62A875E2B00B20952 /* HealthKitOnFHIR in Frameworks */ = {isa = PBXBuildFile; productRef = 2FB099B52A875E2B00B20952 /* HealthKitOnFHIR */; };
		2FE5DC6729EDD894004B9AB4 /* SpeziContact in Frameworks */ = {isa = PBXBuildFile; productRef = 2FE5DC6629EDD894004B9AB4 /* SpeziContact */; };
		2FE5DC7529EDD8E6004B9AB4 /* SpeziFirebaseAccount in Frameworks */ = {isa = PBXBuildFile; productRef = 2FE5DC7429EDD8E6004B9AB4 /* SpeziFirebaseAccount */; };
		2FE5DC7729EDD8E6004B9AB4 /* SpeziFirebaseConfiguration in Frameworks */ = {isa = PBXBuildFile; productRef = 2FE5DC7629EDD8E6004B9AB4 /* SpeziFirebaseConfiguration */; };
		2FE5DC7929EDD8E6004B9AB4 /* SpeziFirestore in Frameworks */ = {isa = PBXBuildFile; productRef = 2FE5DC7829EDD8E6004B9AB4 /* SpeziFirestore */; };
		2FE5DC8429EDD934004B9AB4 /* SpeziQuestionnaire in Frameworks */ = {isa = PBXBuildFile; productRef = 2FE5DC8329EDD934004B9AB4 /* SpeziQuestionnaire */; };
		2FE5DC8F29EDD980004B9AB4 /* SpeziViews in Frameworks */ = {isa = PBXBuildFile; productRef = 2FE5DC8E29EDD980004B9AB4 /* SpeziViews */; };
		2FE5DC9929EDD9D9004B9AB4 /* XCTestExtensions in Frameworks */ = {isa = PBXBuildFile; productRef = 2FE5DC9829EDD9D9004B9AB4 /* XCTestExtensions */; };
		2FE5DC9C29EDD9EF004B9AB4 /* XCTHealthKit in Frameworks */ = {isa = PBXBuildFile; productRef = 2FE5DC9B29EDD9EF004B9AB4 /* XCTHealthKit */; };
		4D62BF392C6A978C0088C414 /* (null) in Sources */ = {isa = PBXBuildFile; };
		4D62BF3B2C6A9F330088C414 /* (null) in Sources */ = {isa = PBXBuildFile; };
		4D9D43742C59BDB2000062D3 /* (null) in Sources */ = {isa = PBXBuildFile; };
		4DBDD3482BC073EF001FB0CA /* FirebaseFunctions in Frameworks */ = {isa = PBXBuildFile; productRef = 4DBDD3472BC073EF001FB0CA /* FirebaseFunctions */; };
		56A0372B2E0AACD9001E2A00 /* SpeziAccount in Frameworks */ = {isa = PBXBuildFile; productRef = 56A0372A2E0AACD9001E2A00 /* SpeziAccount */; };
		56A0372D2E0AACD9001E2A00 /* SpeziAccountPhoneNumbers in Frameworks */ = {isa = PBXBuildFile; productRef = 56A0372C2E0AACD9001E2A00 /* SpeziAccountPhoneNumbers */; };
		56A037302E0AB395001E2A00 /* PhoneNumberKit in Frameworks */ = {isa = PBXBuildFile; productRef = 56A0372F2E0AB395001E2A00 /* PhoneNumberKit */; };
		56E708352BB06B7100B08F0A /* SpeziLicense in Frameworks */ = {isa = PBXBuildFile; productRef = 56E708342BB06B7100B08F0A /* SpeziLicense */; };
		56E7083B2BB06F6F00B08F0A /* SwiftPackageList in Frameworks */ = {isa = PBXBuildFile; productRef = 56E7083A2BB06F6F00B08F0A /* SwiftPackageList */; };
		65D39ABD2CE497630040BF71 /* SpeziNotifications in Frameworks */ = {isa = PBXBuildFile; productRef = 65D39ABC2CE497630040BF71 /* SpeziNotifications */; };
		9733CFC62A8066DE001B7ABC /* SpeziOnboarding in Frameworks */ = {isa = PBXBuildFile; productRef = 2FE5DC8029EDD91D004B9AB4 /* SpeziOnboarding */; };
		9739A0C62AD7B5730084BEA5 /* FirebaseStorage in Frameworks */ = {isa = PBXBuildFile; productRef = 9739A0C52AD7B5730084BEA5 /* FirebaseStorage */; };
		97D73D6A2AD860AD00B47FA0 /* SpeziFirebaseStorage in Frameworks */ = {isa = PBXBuildFile; productRef = 97D73D692AD860AD00B47FA0 /* SpeziFirebaseStorage */; };
		9B0723AB2C8F6AE700D901E5 /* FirebaseMessaging in Frameworks */ = {isa = PBXBuildFile; productRef = 9B0723AA2C8F6AE700D901E5 /* FirebaseMessaging */; };
		A91D1F852DE1E72F0082407B /* SpeziBluetooth in Frameworks */ = {isa = PBXBuildFile; productRef = A91D1F842DE1E72F0082407B /* SpeziBluetooth */; };
		A91D1F872DE1E72F0082407B /* SpeziBluetoothServices in Frameworks */ = {isa = PBXBuildFile; productRef = A91D1F862DE1E72F0082407B /* SpeziBluetoothServices */; };
		A92F50642E63A2CB0051C0FD /* SpeziDevices in Frameworks */ = {isa = PBXBuildFile; productRef = A92F50632E63A2CB0051C0FD /* SpeziDevices */; };
		A92F50662E63A2CB0051C0FD /* SpeziDevicesUI in Frameworks */ = {isa = PBXBuildFile; productRef = A92F50652E63A2CB0051C0FD /* SpeziDevicesUI */; };
		A92F50682E63A2CB0051C0FD /* SpeziOmron in Frameworks */ = {isa = PBXBuildFile; productRef = A92F50672E63A2CB0051C0FD /* SpeziOmron */; };
		A960D6A02E63978F004C6FED /* SpeziBluetooth in Frameworks */ = {isa = PBXBuildFile; productRef = A960D69F2E63978F004C6FED /* SpeziBluetooth */; };
		A9A0BF032C13121D00B8F3F3 /* SpeziNumerics in Frameworks */ = {isa = PBXBuildFile; productRef = A9A0BF022C13121D00B8F3F3 /* SpeziNumerics */; };
		A9D83F962B083794000D0C78 /* SpeziFirebaseAccountStorage in Frameworks */ = {isa = PBXBuildFile; productRef = A9D83F952B083794000D0C78 /* SpeziFirebaseAccountStorage */; };
/* End PBXBuildFile section */

/* Begin PBXContainerItemProxy section */
		653A255E28338800005D4D48 /* PBXContainerItemProxy */ = {
			isa = PBXContainerItemProxy;
			containerPortal = 653A2545283387FE005D4D48 /* Project object */;
			proxyType = 1;
			remoteGlobalIDString = 653A254C283387FE005D4D48;
			remoteInfo = ENGAGEHF;
		};
		653A256828338800005D4D48 /* PBXContainerItemProxy */ = {
			isa = PBXContainerItemProxy;
			containerPortal = 653A2545283387FE005D4D48 /* Project object */;
			proxyType = 1;
			remoteGlobalIDString = 653A254C283387FE005D4D48;
			remoteInfo = ENGAGEHF;
		};
/* End PBXContainerItemProxy section */

/* Begin PBXFileReference section */
		2FC94CD4298B0A1D009C8209 /* ENGAGEHF.xctestplan */ = {isa = PBXFileReference; lastKnownFileType = text; path = ENGAGEHF.xctestplan; sourceTree = "<group>"; };
		653A254D283387FE005D4D48 /* ENGAGEHF.app */ = {isa = PBXFileReference; explicitFileType = wrapper.application; includeInIndex = 0; path = ENGAGEHF.app; sourceTree = BUILT_PRODUCTS_DIR; };
		653A255D28338800005D4D48 /* ENGAGEHFTests.xctest */ = {isa = PBXFileReference; explicitFileType = wrapper.cfbundle; includeInIndex = 0; path = ENGAGEHFTests.xctest; sourceTree = BUILT_PRODUCTS_DIR; };
		653A256728338800005D4D48 /* ENGAGEHFUITests.xctest */ = {isa = PBXFileReference; explicitFileType = wrapper.cfbundle; includeInIndex = 0; path = ENGAGEHFUITests.xctest; sourceTree = BUILT_PRODUCTS_DIR; };
/* End PBXFileReference section */

/* Begin PBXFileSystemSynchronizedBuildFileExceptionSet section */
		6581C8292EE26B5000A9CAAF /* PBXFileSystemSynchronizedBuildFileExceptionSet */ = {
			isa = PBXFileSystemSynchronizedBuildFileExceptionSet;
			membershipExceptions = (
				"Supporting Files/Info.plist",
			);
			target = 653A254C283387FE005D4D48 /* ENGAGEHF */;
		};
/* End PBXFileSystemSynchronizedBuildFileExceptionSet section */

/* Begin PBXFileSystemSynchronizedRootGroup section */
		6581C77E2EE26B4F00A9CAAF /* ENGAGEHF */ = {isa = PBXFileSystemSynchronizedRootGroup; exceptions = (6581C8292EE26B5000A9CAAF /* PBXFileSystemSynchronizedBuildFileExceptionSet */, ); explicitFileTypes = {}; explicitFolders = (); path = ENGAGEHF; sourceTree = "<group>"; };
		6581C8312EE26B6200A9CAAF /* ENGAGEHFTests */ = {isa = PBXFileSystemSynchronizedRootGroup; explicitFileTypes = {}; explicitFolders = (); path = ENGAGEHFTests; sourceTree = "<group>"; };
		6581C8862EE26C3200A9CAAF /* ENGAGEHFUITests */ = {isa = PBXFileSystemSynchronizedRootGroup; explicitFileTypes = {}; explicitFolders = (); path = ENGAGEHFUITests; sourceTree = "<group>"; };
/* End PBXFileSystemSynchronizedRootGroup section */

/* Begin PBXFrameworksBuildPhase section */
		653A254A283387FE005D4D48 /* Frameworks */ = {
			isa = PBXFrameworksBuildPhase;
			buildActionMask = 2147483647;
			files = (
				9733CFC62A8066DE001B7ABC /* SpeziOnboarding in Frameworks */,
				A9A0BF032C13121D00B8F3F3 /* SpeziNumerics in Frameworks */,
				A92F50662E63A2CB0051C0FD /* SpeziDevicesUI in Frameworks */,
				2FB099AF2A875DF100B20952 /* FirebaseAuth in Frameworks */,
				97D73D6A2AD860AD00B47FA0 /* SpeziFirebaseStorage in Frameworks */,
				56A0372D2E0AACD9001E2A00 /* SpeziAccountPhoneNumbers in Frameworks */,
				A91D1F852DE1E72F0082407B /* SpeziBluetooth in Frameworks */,
				2FE5DC6729EDD894004B9AB4 /* SpeziContact in Frameworks */,
				2FE5DC8429EDD934004B9AB4 /* SpeziQuestionnaire in Frameworks */,
				2FB099B12A875DF100B20952 /* FirebaseFirestore in Frameworks */,
				A960D6A02E63978F004C6FED /* SpeziBluetooth in Frameworks */,
				A9D83F962B083794000D0C78 /* SpeziFirebaseAccountStorage in Frameworks */,
				2FB099B62A875E2B00B20952 /* HealthKitOnFHIR in Frameworks */,
				56E7083B2BB06F6F00B08F0A /* SwiftPackageList in Frameworks */,
				65D39ABD2CE497630040BF71 /* SpeziNotifications in Frameworks */,
				56A0372B2E0AACD9001E2A00 /* SpeziAccount in Frameworks */,
				56E708352BB06B7100B08F0A /* SpeziLicense in Frameworks */,
				A91D1F872DE1E72F0082407B /* SpeziBluetoothServices in Frameworks */,
				A92F50682E63A2CB0051C0FD /* SpeziOmron in Frameworks */,
				9B0723AB2C8F6AE700D901E5 /* FirebaseMessaging in Frameworks */,
				2FE5DC7529EDD8E6004B9AB4 /* SpeziFirebaseAccount in Frameworks */,
				9739A0C62AD7B5730084BEA5 /* FirebaseStorage in Frameworks */,
				56A037302E0AB395001E2A00 /* PhoneNumberKit in Frameworks */,
				A92F50642E63A2CB0051C0FD /* SpeziDevices in Frameworks */,
				4DBDD3482BC073EF001FB0CA /* FirebaseFunctions in Frameworks */,
				2F49B7762980407C00BCB272 /* Spezi in Frameworks */,
				2FE5DC8F29EDD980004B9AB4 /* SpeziViews in Frameworks */,
				2FE5DC7929EDD8E6004B9AB4 /* SpeziFirestore in Frameworks */,
				2FE5DC7729EDD8E6004B9AB4 /* SpeziFirebaseConfiguration in Frameworks */,
			);
			runOnlyForDeploymentPostprocessing = 0;
		};
		653A255A28338800005D4D48 /* Frameworks */ = {
			isa = PBXFrameworksBuildPhase;
			buildActionMask = 2147483647;
			files = (
			);
			runOnlyForDeploymentPostprocessing = 0;
		};
		653A256428338800005D4D48 /* Frameworks */ = {
			isa = PBXFrameworksBuildPhase;
			buildActionMask = 2147483647;
			files = (
				2FE5DC9929EDD9D9004B9AB4 /* XCTestExtensions in Frameworks */,
				2FE5DC9C29EDD9EF004B9AB4 /* XCTHealthKit in Frameworks */,
			);
			runOnlyForDeploymentPostprocessing = 0;
		};
/* End PBXFrameworksBuildPhase section */

/* Begin PBXGroup section */
		653A2544283387FE005D4D48 = {
			isa = PBXGroup;
			children = (
				2FC94CD4298B0A1D009C8209 /* ENGAGEHF.xctestplan */,
				6581C77E2EE26B4F00A9CAAF /* ENGAGEHF */,
				6581C8312EE26B6200A9CAAF /* ENGAGEHFTests */,
				6581C8862EE26C3200A9CAAF /* ENGAGEHFUITests */,
				653A254E283387FE005D4D48 /* Products */,
				653A258B283395A7005D4D48 /* Frameworks */,
			);
			sourceTree = "<group>";
		};
		653A254E283387FE005D4D48 /* Products */ = {
			isa = PBXGroup;
			children = (
				653A254D283387FE005D4D48 /* ENGAGEHF.app */,
				653A255D28338800005D4D48 /* ENGAGEHFTests.xctest */,
				653A256728338800005D4D48 /* ENGAGEHFUITests.xctest */,
			);
			name = Products;
			sourceTree = "<group>";
		};
		653A258B283395A7005D4D48 /* Frameworks */ = {
			isa = PBXGroup;
			children = (
			);
			name = Frameworks;
			sourceTree = "<group>";
		};
/* End PBXGroup section */

/* Begin PBXNativeTarget section */
		653A254C283387FE005D4D48 /* ENGAGEHF */ = {
			isa = PBXNativeTarget;
			buildConfigurationList = 653A257128338800005D4D48 /* Build configuration list for PBXNativeTarget "ENGAGEHF" */;
			buildPhases = (
				653A2549283387FE005D4D48 /* Sources */,
				653A254A283387FE005D4D48 /* Frameworks */,
				653A254B283387FE005D4D48 /* Resources */,
			);
			buildRules = (
			);
			dependencies = (
				651E81E72E754B43007A27E5 /* PBXTargetDependency */,
				56E7083D2BB06FCA00B08F0A /* PBXTargetDependency */,
			);
			fileSystemSynchronizedGroups = (
				6581C77E2EE26B4F00A9CAAF /* ENGAGEHF */,
			);
			name = ENGAGEHF;
			packageProductDependencies = (
				2F49B7752980407B00BCB272 /* Spezi */,
				2FE5DC6629EDD894004B9AB4 /* SpeziContact */,
				2FE5DC7429EDD8E6004B9AB4 /* SpeziFirebaseAccount */,
				2FE5DC7629EDD8E6004B9AB4 /* SpeziFirebaseConfiguration */,
				2FE5DC7829EDD8E6004B9AB4 /* SpeziFirestore */,
				2FE5DC8329EDD934004B9AB4 /* SpeziQuestionnaire */,
				2FE5DC8E29EDD980004B9AB4 /* SpeziViews */,
				2FE5DC8029EDD91D004B9AB4 /* SpeziOnboarding */,
				2FB099AE2A875DF100B20952 /* FirebaseAuth */,
				2FB099B02A875DF100B20952 /* FirebaseFirestore */,
				2FB099B52A875E2B00B20952 /* HealthKitOnFHIR */,
				9739A0C52AD7B5730084BEA5 /* FirebaseStorage */,
				97D73D692AD860AD00B47FA0 /* SpeziFirebaseStorage */,
				A9D83F952B083794000D0C78 /* SpeziFirebaseAccountStorage */,
				56E708342BB06B7100B08F0A /* SpeziLicense */,
				56E7083A2BB06F6F00B08F0A /* SwiftPackageList */,
				4DBDD3472BC073EF001FB0CA /* FirebaseFunctions */,
				A9A0BF022C13121D00B8F3F3 /* SpeziNumerics */,
				9B0723AA2C8F6AE700D901E5 /* FirebaseMessaging */,
				65D39ABC2CE497630040BF71 /* SpeziNotifications */,
				56A0372A2E0AACD9001E2A00 /* SpeziAccount */,
				56A0372C2E0AACD9001E2A00 /* SpeziAccountPhoneNumbers */,
				56A0372F2E0AB395001E2A00 /* PhoneNumberKit */,
				A91D1F842DE1E72F0082407B /* SpeziBluetooth */,
				A91D1F862DE1E72F0082407B /* SpeziBluetoothServices */,
				A92F50632E63A2CB0051C0FD /* SpeziDevices */,
				A92F50652E63A2CB0051C0FD /* SpeziDevicesUI */,
				A92F50672E63A2CB0051C0FD /* SpeziOmron */,
			);
			productName = ENGAGEHF;
			productReference = 653A254D283387FE005D4D48 /* ENGAGEHF.app */;
			productType = "com.apple.product-type.application";
		};
		653A255C28338800005D4D48 /* ENGAGEHFTests */ = {
			isa = PBXNativeTarget;
			buildConfigurationList = 653A257428338800005D4D48 /* Build configuration list for PBXNativeTarget "ENGAGEHFTests" */;
			buildPhases = (
				653A255928338800005D4D48 /* Sources */,
				653A255A28338800005D4D48 /* Frameworks */,
				653A255B28338800005D4D48 /* Resources */,
			);
			buildRules = (
			);
			dependencies = (
				653A255F28338800005D4D48 /* PBXTargetDependency */,
			);
			fileSystemSynchronizedGroups = (
				6581C8312EE26B6200A9CAAF /* ENGAGEHFTests */,
			);
			name = ENGAGEHFTests;
			productName = ENGAGEHFTests;
			productReference = 653A255D28338800005D4D48 /* ENGAGEHFTests.xctest */;
			productType = "com.apple.product-type.bundle.unit-test";
		};
		653A256628338800005D4D48 /* ENGAGEHFUITests */ = {
			isa = PBXNativeTarget;
			buildConfigurationList = 653A257728338800005D4D48 /* Build configuration list for PBXNativeTarget "ENGAGEHFUITests" */;
			buildPhases = (
				653A256328338800005D4D48 /* Sources */,
				653A256428338800005D4D48 /* Frameworks */,
				653A256528338800005D4D48 /* Resources */,
			);
			buildRules = (
			);
			dependencies = (
				653A256928338800005D4D48 /* PBXTargetDependency */,
			);
			fileSystemSynchronizedGroups = (
				6581C8862EE26C3200A9CAAF /* ENGAGEHFUITests */,
			);
			name = ENGAGEHFUITests;
			packageProductDependencies = (
				2FE5DC9829EDD9D9004B9AB4 /* XCTestExtensions */,
				2FE5DC9B29EDD9EF004B9AB4 /* XCTHealthKit */,
			);
			productName = ENGAGEHFUITests;
			productReference = 653A256728338800005D4D48 /* ENGAGEHFUITests.xctest */;
			productType = "com.apple.product-type.bundle.ui-testing";
		};
/* End PBXNativeTarget section */

/* Begin PBXProject section */
		653A2545283387FE005D4D48 /* Project object */ = {
			isa = PBXProject;
			attributes = {
				BuildIndependentTargetsInParallel = 1;
				LastSwiftUpdateCheck = 1340;
				LastUpgradeCheck = 2600;
				TargetAttributes = {
					653A254C283387FE005D4D48 = {
						CreatedOnToolsVersion = 13.4;
					};
					653A255C28338800005D4D48 = {
						CreatedOnToolsVersion = 13.4;
						TestTargetID = 653A254C283387FE005D4D48;
					};
					653A256628338800005D4D48 = {
						CreatedOnToolsVersion = 13.4;
						TestTargetID = 653A254C283387FE005D4D48;
					};
				};
			};
			buildConfigurationList = 653A2548283387FE005D4D48 /* Build configuration list for PBXProject "ENGAGEHF" */;
			compatibilityVersion = "Xcode 15.0";
			developmentRegion = en;
			hasScannedForEncodings = 0;
			knownRegions = (
				en,
				Base,
			);
			mainGroup = 653A2544283387FE005D4D48;
			packageReferences = (
				2F49B7742980407B00BCB272 /* XCRemoteSwiftPackageReference "Spezi" */,
				2FE5DC6529EDD894004B9AB4 /* XCRemoteSwiftPackageReference "SpeziContact" */,
				2FE5DC7329EDD8E6004B9AB4 /* XCRemoteSwiftPackageReference "SpeziFirebase" */,
				2FE5DC8229EDD934004B9AB4 /* XCRemoteSwiftPackageReference "SpeziQuestionnaire" */,
				2FE5DC8D29EDD980004B9AB4 /* XCRemoteSwiftPackageReference "SpeziViews" */,
				2FE5DC9029EDD9C3004B9AB4 /* XCRemoteSwiftPackageReference "firebase-ios-sdk" */,
				2FE5DC9729EDD9D9004B9AB4 /* XCRemoteSwiftPackageReference "XCTestExtensions" */,
				2FE5DC9A29EDD9EF004B9AB4 /* XCRemoteSwiftPackageReference "XCTHealthKit" */,
				97F466E62A76BBEE005DC9B4 /* XCRemoteSwiftPackageReference "SpeziOnboarding" */,
				2FB099B42A875E2B00B20952 /* XCRemoteSwiftPackageReference "HealthKitOnFHIR" */,
				5661551B2AB8384200209B80 /* XCRemoteSwiftPackageReference "swift-package-list" */,
				56E708332BB06B7100B08F0A /* XCRemoteSwiftPackageReference "SpeziLicense" */,
				A9A0BF012C13121D00B8F3F3 /* XCRemoteSwiftPackageReference "SpeziNetworking" */,
				65D39ABB2CE497630040BF71 /* XCRemoteSwiftPackageReference "SpeziNotifications" */,
				56A037292E0AACD8001E2A00 /* XCRemoteSwiftPackageReference "SpeziAccount" */,
				56A0372E2E0AB395001E2A00 /* XCRemoteSwiftPackageReference "PhoneNumberKit" */,
				A960D69E2E63978F004C6FED /* XCRemoteSwiftPackageReference "SpeziBluetooth" */,
				A92F50622E63A2CB0051C0FD /* XCRemoteSwiftPackageReference "SpeziDevices" */,
				651E81E52E754B3A007A27E5 /* XCRemoteSwiftPackageReference "SwiftLintPlugins" */,
			);
			productRefGroup = 653A254E283387FE005D4D48 /* Products */;
			projectDirPath = "";
			projectRoot = "";
			targets = (
				653A254C283387FE005D4D48 /* ENGAGEHF */,
				653A255C28338800005D4D48 /* ENGAGEHFTests */,
				653A256628338800005D4D48 /* ENGAGEHFUITests */,
			);
		};
/* End PBXProject section */

/* Begin PBXResourcesBuildPhase section */
		653A254B283387FE005D4D48 /* Resources */ = {
			isa = PBXResourcesBuildPhase;
			buildActionMask = 2147483647;
			files = (
			);
			runOnlyForDeploymentPostprocessing = 0;
		};
		653A255B28338800005D4D48 /* Resources */ = {
			isa = PBXResourcesBuildPhase;
			buildActionMask = 2147483647;
			files = (
			);
			runOnlyForDeploymentPostprocessing = 0;
		};
		653A256528338800005D4D48 /* Resources */ = {
			isa = PBXResourcesBuildPhase;
			buildActionMask = 2147483647;
			files = (
			);
			runOnlyForDeploymentPostprocessing = 0;
		};
/* End PBXResourcesBuildPhase section */

/* Begin PBXSourcesBuildPhase section */
		653A2549283387FE005D4D48 /* Sources */ = {
			isa = PBXSourcesBuildPhase;
			buildActionMask = 2147483647;
			files = (
				4D62BF392C6A978C0088C414 /* (null) in Sources */,
				4D62BF3B2C6A9F330088C414 /* (null) in Sources */,
				4D9D43742C59BDB2000062D3 /* (null) in Sources */,
			);
			runOnlyForDeploymentPostprocessing = 0;
		};
		653A255928338800005D4D48 /* Sources */ = {
			isa = PBXSourcesBuildPhase;
			buildActionMask = 2147483647;
			files = (
			);
			runOnlyForDeploymentPostprocessing = 0;
		};
		653A256328338800005D4D48 /* Sources */ = {
			isa = PBXSourcesBuildPhase;
			buildActionMask = 2147483647;
			files = (
			);
			runOnlyForDeploymentPostprocessing = 0;
		};
/* End PBXSourcesBuildPhase section */

/* Begin PBXTargetDependency section */
		56E7083D2BB06FCA00B08F0A /* PBXTargetDependency */ = {
			isa = PBXTargetDependency;
			productRef = 56E7083C2BB06FCA00B08F0A /* SwiftPackageListPlugin */;
		};
		651E81E72E754B43007A27E5 /* PBXTargetDependency */ = {
			isa = PBXTargetDependency;
			productRef = 651E81E62E754B43007A27E5 /* SwiftLintBuildToolPlugin */;
		};
		653A255F28338800005D4D48 /* PBXTargetDependency */ = {
			isa = PBXTargetDependency;
			target = 653A254C283387FE005D4D48 /* ENGAGEHF */;
			targetProxy = 653A255E28338800005D4D48 /* PBXContainerItemProxy */;
		};
		653A256928338800005D4D48 /* PBXTargetDependency */ = {
			isa = PBXTargetDependency;
			target = 653A254C283387FE005D4D48 /* ENGAGEHF */;
			targetProxy = 653A256828338800005D4D48 /* PBXContainerItemProxy */;
		};
/* End PBXTargetDependency section */

/* Begin XCBuildConfiguration section */
		653A256F28338800005D4D48 /* Debug */ = {
			isa = XCBuildConfiguration;
			buildSettings = {
				ALWAYS_SEARCH_USER_PATHS = NO;
				ASSETCATALOG_COMPILER_GENERATE_SWIFT_ASSET_SYMBOL_EXTENSIONS = YES;
				CLANG_ANALYZER_NONNULL = YES;
				CLANG_ANALYZER_NUMBER_OBJECT_CONVERSION = YES_AGGRESSIVE;
				CLANG_CXX_LANGUAGE_STANDARD = "gnu++17";
				CLANG_ENABLE_MODULES = YES;
				CLANG_ENABLE_OBJC_ARC = YES;
				CLANG_ENABLE_OBJC_WEAK = YES;
				CLANG_WARN_BLOCK_CAPTURE_AUTORELEASING = YES;
				CLANG_WARN_BOOL_CONVERSION = YES;
				CLANG_WARN_COMMA = YES;
				CLANG_WARN_CONSTANT_CONVERSION = YES;
				CLANG_WARN_DEPRECATED_OBJC_IMPLEMENTATIONS = YES;
				CLANG_WARN_DIRECT_OBJC_ISA_USAGE = YES_ERROR;
				CLANG_WARN_DOCUMENTATION_COMMENTS = YES;
				CLANG_WARN_EMPTY_BODY = YES;
				CLANG_WARN_ENUM_CONVERSION = YES;
				CLANG_WARN_INFINITE_RECURSION = YES;
				CLANG_WARN_INT_CONVERSION = YES;
				CLANG_WARN_NON_LITERAL_NULL_CONVERSION = YES;
				CLANG_WARN_OBJC_IMPLICIT_RETAIN_SELF = YES;
				CLANG_WARN_OBJC_LITERAL_CONVERSION = YES;
				CLANG_WARN_OBJC_ROOT_CLASS = YES_ERROR;
				CLANG_WARN_QUOTED_INCLUDE_IN_FRAMEWORK_HEADER = YES;
				CLANG_WARN_RANGE_LOOP_ANALYSIS = YES;
				CLANG_WARN_STRICT_PROTOTYPES = YES;
				CLANG_WARN_SUSPICIOUS_MOVE = YES;
				CLANG_WARN_UNGUARDED_AVAILABILITY = YES_AGGRESSIVE;
				CLANG_WARN_UNREACHABLE_CODE = YES;
				CLANG_WARN__DUPLICATE_METHOD_MATCH = YES;
				COPY_PHASE_STRIP = NO;
				DEBUG_INFORMATION_FORMAT = dwarf;
				ENABLE_STRICT_OBJC_MSGSEND = YES;
				ENABLE_TESTABILITY = YES;
				ENABLE_USER_SCRIPT_SANDBOXING = YES;
				GCC_C_LANGUAGE_STANDARD = gnu11;
				GCC_DYNAMIC_NO_PIC = NO;
				GCC_NO_COMMON_BLOCKS = YES;
				GCC_OPTIMIZATION_LEVEL = 0;
				GCC_PREPROCESSOR_DEFINITIONS = (
					"DEBUG=1",
					"$(inherited)",
				);
				GCC_WARN_64_TO_32_BIT_CONVERSION = YES;
				GCC_WARN_ABOUT_RETURN_TYPE = YES_ERROR;
				GCC_WARN_UNDECLARED_SELECTOR = YES;
				GCC_WARN_UNINITIALIZED_AUTOS = YES_AGGRESSIVE;
				GCC_WARN_UNUSED_FUNCTION = YES;
				GCC_WARN_UNUSED_VARIABLE = YES;
				IPHONEOS_DEPLOYMENT_TARGET = 17.4;
				LOCALIZATION_PREFERS_STRING_CATALOGS = YES;
				MTL_ENABLE_DEBUG_INFO = INCLUDE_SOURCE;
				MTL_FAST_MATH = YES;
				ONLY_ACTIVE_ARCH = YES;
				SDKROOT = iphoneos;
				STRING_CATALOG_GENERATE_SYMBOLS = YES;
				SWIFT_ACTIVE_COMPILATION_CONDITIONS = DEBUG;
				SWIFT_APPROACHABLE_CONCURRENCY = NO;
				SWIFT_DEFAULT_ACTOR_ISOLATION = nonisolated;
				SWIFT_OPTIMIZATION_LEVEL = "-Onone";
				SWIFT_STRICT_CONCURRENCY = complete;
				SWIFT_UPCOMING_FEATURE_EXISTENTIAL_ANY = YES;
				SWIFT_UPCOMING_FEATURE_INTERNAL_IMPORTS_BY_DEFAULT = YES;
				SWIFT_UPCOMING_FEATURE_MEMBER_IMPORT_VISIBILITY = YES;
				SWIFT_VERSION = 6.0;
			};
			name = Debug;
		};
		653A257028338800005D4D48 /* Release */ = {
			isa = XCBuildConfiguration;
			buildSettings = {
				ALWAYS_SEARCH_USER_PATHS = NO;
				ASSETCATALOG_COMPILER_GENERATE_SWIFT_ASSET_SYMBOL_EXTENSIONS = YES;
				CLANG_ANALYZER_NONNULL = YES;
				CLANG_ANALYZER_NUMBER_OBJECT_CONVERSION = YES_AGGRESSIVE;
				CLANG_CXX_LANGUAGE_STANDARD = "gnu++17";
				CLANG_ENABLE_MODULES = YES;
				CLANG_ENABLE_OBJC_ARC = YES;
				CLANG_ENABLE_OBJC_WEAK = YES;
				CLANG_WARN_BLOCK_CAPTURE_AUTORELEASING = YES;
				CLANG_WARN_BOOL_CONVERSION = YES;
				CLANG_WARN_COMMA = YES;
				CLANG_WARN_CONSTANT_CONVERSION = YES;
				CLANG_WARN_DEPRECATED_OBJC_IMPLEMENTATIONS = YES;
				CLANG_WARN_DIRECT_OBJC_ISA_USAGE = YES_ERROR;
				CLANG_WARN_DOCUMENTATION_COMMENTS = YES;
				CLANG_WARN_EMPTY_BODY = YES;
				CLANG_WARN_ENUM_CONVERSION = YES;
				CLANG_WARN_INFINITE_RECURSION = YES;
				CLANG_WARN_INT_CONVERSION = YES;
				CLANG_WARN_NON_LITERAL_NULL_CONVERSION = YES;
				CLANG_WARN_OBJC_IMPLICIT_RETAIN_SELF = YES;
				CLANG_WARN_OBJC_LITERAL_CONVERSION = YES;
				CLANG_WARN_OBJC_ROOT_CLASS = YES_ERROR;
				CLANG_WARN_QUOTED_INCLUDE_IN_FRAMEWORK_HEADER = YES;
				CLANG_WARN_RANGE_LOOP_ANALYSIS = YES;
				CLANG_WARN_STRICT_PROTOTYPES = YES;
				CLANG_WARN_SUSPICIOUS_MOVE = YES;
				CLANG_WARN_UNGUARDED_AVAILABILITY = YES_AGGRESSIVE;
				CLANG_WARN_UNREACHABLE_CODE = YES;
				CLANG_WARN__DUPLICATE_METHOD_MATCH = YES;
				COPY_PHASE_STRIP = NO;
				DEBUG_INFORMATION_FORMAT = "dwarf-with-dsym";
				ENABLE_NS_ASSERTIONS = NO;
				ENABLE_STRICT_OBJC_MSGSEND = YES;
				ENABLE_USER_SCRIPT_SANDBOXING = YES;
				GCC_C_LANGUAGE_STANDARD = gnu11;
				GCC_NO_COMMON_BLOCKS = YES;
				GCC_WARN_64_TO_32_BIT_CONVERSION = YES;
				GCC_WARN_ABOUT_RETURN_TYPE = YES_ERROR;
				GCC_WARN_UNDECLARED_SELECTOR = YES;
				GCC_WARN_UNINITIALIZED_AUTOS = YES_AGGRESSIVE;
				GCC_WARN_UNUSED_FUNCTION = YES;
				GCC_WARN_UNUSED_VARIABLE = YES;
				IPHONEOS_DEPLOYMENT_TARGET = 17.4;
				LOCALIZATION_PREFERS_STRING_CATALOGS = YES;
				MTL_ENABLE_DEBUG_INFO = NO;
				MTL_FAST_MATH = YES;
				SDKROOT = iphoneos;
				STRING_CATALOG_GENERATE_SYMBOLS = YES;
				SWIFT_APPROACHABLE_CONCURRENCY = NO;
				SWIFT_COMPILATION_MODE = wholemodule;
				SWIFT_DEFAULT_ACTOR_ISOLATION = nonisolated;
				SWIFT_OPTIMIZATION_LEVEL = "-O";
				SWIFT_STRICT_CONCURRENCY = complete;
				SWIFT_UPCOMING_FEATURE_EXISTENTIAL_ANY = YES;
				SWIFT_UPCOMING_FEATURE_INTERNAL_IMPORTS_BY_DEFAULT = YES;
				SWIFT_UPCOMING_FEATURE_MEMBER_IMPORT_VISIBILITY = YES;
				SWIFT_VERSION = 6.0;
				VALIDATE_PRODUCT = YES;
			};
			name = Release;
		};
		653A257228338800005D4D48 /* Debug */ = {
			isa = XCBuildConfiguration;
			buildSettings = {
				ASSETCATALOG_COMPILER_APPICON_NAME = "ENGAGEHF Icon";
				ASSETCATALOG_COMPILER_GLOBAL_ACCENT_COLOR_NAME = AccentColor;
				CODE_SIGN_ENTITLEMENTS = "ENGAGEHF/Supporting Files/ENGAGEHF.entitlements";
				CODE_SIGN_IDENTITY = "Apple Development";
				CODE_SIGN_STYLE = Automatic;
				CURRENT_PROJECT_VERSION = 1;
				DEVELOPMENT_ASSET_PATHS = "";
				DEVELOPMENT_TEAM = 484YT3X9X7;
				ENABLE_PREVIEWS = YES;
				INFOPLIST_FILE = "ENGAGEHF/Supporting Files/Info.plist";
				INFOPLIST_KEY_ITSAppUsesNonExemptEncryption = NO;
				INFOPLIST_KEY_NSBluetoothAlwaysUsageDescription = "Application must access bluetooth to connect to data collecting devices and retrieve data from weight scale and blood pressure cuff.";
				INFOPLIST_KEY_NSCameraUsageDescription = "This message should never appear. Please adjust this when you start using camera information. We have to put this in here as ResearchKit has the possibility to use it and not putting it here returns an error on AppStore Connect.";
				INFOPLIST_KEY_NSHealthShareUsageDescription = "The ENGAGE-HF app uses the step count to demonstrate Spezi's integration with HealthKit.";
				INFOPLIST_KEY_NSHealthUpdateUsageDescription = "The ENGAGE-HF app uses the step count to demonstrate Spezi's integration with HealthKit.";
				INFOPLIST_KEY_NSLocationAlwaysAndWhenInUseUsageDescription = "This message should never appear. Please adjust this when you start using location information. We have to put this in here as ResearchKit has the possibility to use it and not putting it here returns an error on AppStore Connect.";
				INFOPLIST_KEY_NSLocationWhenInUseUsageDescription = "This message should never appear. Please adjust this when you start using location information. We have to put this in here as ResearchKit has the possibility to use it and not putting it here returns an error on AppStore Connect.";
				INFOPLIST_KEY_NSMicrophoneUsageDescription = "This message should never appear. Please adjust this when you start using microphone information. We have to put this in here as ResearchKit has the possibility to use it and not putting it here returns an error on AppStore Connect.";
				INFOPLIST_KEY_NSMotionUsageDescription = "This message should never appear. Please adjust this when you start using motion information. We have to put this in here as ResearchKit has the possibility to use it and not putting it here returns an error on AppStore Connect.";
				INFOPLIST_KEY_NSSpeechRecognitionUsageDescription = "This message should never appear. Please adjust this when you start using speecg information. We have to put this in here as ResearchKit has the possibility to use it and not putting it here returns an error on AppStore Connect.";
				INFOPLIST_KEY_UILaunchScreen_Generation = YES;
				INFOPLIST_KEY_UISupportedInterfaceOrientations = UIInterfaceOrientationPortrait;
				INFOPLIST_KEY_UISupportedInterfaceOrientations_iPad = "UIInterfaceOrientationLandscapeLeft UIInterfaceOrientationLandscapeRight UIInterfaceOrientationPortrait UIInterfaceOrientationPortraitUpsideDown";
				LD_RUNPATH_SEARCH_PATHS = (
					"$(inherited)",
					"@executable_path/Frameworks",
				);
				MARKETING_VERSION = 2.0.0;
				PRODUCT_BUNDLE_IDENTIFIER = edu.stanford.bdh.engagehf;
				PRODUCT_NAME = "$(TARGET_NAME)";
				PROVISIONING_PROFILE_SPECIFIER = "";
				SUPPORTED_PLATFORMS = "iphoneos iphonesimulator";
				SUPPORTS_MACCATALYST = NO;
				SUPPORTS_MAC_DESIGNED_FOR_IPHONE_IPAD = NO;
				SWIFT_EMIT_LOC_STRINGS = YES;
				SWIFT_VERSION = 6.0;
				TARGETED_DEVICE_FAMILY = "1,2";
			};
			name = Debug;
		};
		653A257328338800005D4D48 /* Release */ = {
			isa = XCBuildConfiguration;
			buildSettings = {
				ASSETCATALOG_COMPILER_APPICON_NAME = "ENGAGEHF Icon";
				ASSETCATALOG_COMPILER_GLOBAL_ACCENT_COLOR_NAME = AccentColor;
				CODE_SIGN_ENTITLEMENTS = "ENGAGEHF/Supporting Files/ENGAGEHF.entitlements";
				CODE_SIGN_IDENTITY = "Apple Development";
				"CODE_SIGN_IDENTITY[sdk=iphoneos*]" = "iPhone Distribution";
				CODE_SIGN_STYLE = Manual;
				CURRENT_PROJECT_VERSION = 1;
				DEVELOPMENT_TEAM = "";
				"DEVELOPMENT_TEAM[sdk=iphoneos*]" = CQRZ4E7K9U;
				ENABLE_PREVIEWS = YES;
				INFOPLIST_FILE = "ENGAGEHF/Supporting Files/Info.plist";
				INFOPLIST_KEY_ITSAppUsesNonExemptEncryption = NO;
				INFOPLIST_KEY_NSBluetoothAlwaysUsageDescription = "Application must access bluetooth to connect to data collecting devices and retrieve data from weight scale and blood pressure cuff.";
				INFOPLIST_KEY_NSCameraUsageDescription = "This message should never appear. Please adjust this when you start using camera information. We have to put this in here as ResearchKit has the possibility to use it and not putting it here returns an error on AppStore Connect.";
				INFOPLIST_KEY_NSHealthShareUsageDescription = "The ENGAGE-HF app uses the step count to demonstrate Spezi's integration with HealthKit.";
				INFOPLIST_KEY_NSHealthUpdateUsageDescription = "The ENGAGE-HF app uses the step count to demonstrate Spezi's integration with HealthKit.";
				INFOPLIST_KEY_NSLocationAlwaysAndWhenInUseUsageDescription = "This message should never appear. Please adjust this when you start using location information. We have to put this in here as ResearchKit has the possibility to use it and not putting it here returns an error on AppStore Connect.";
				INFOPLIST_KEY_NSLocationWhenInUseUsageDescription = "This message should never appear. Please adjust this when you start using location information. We have to put this in here as ResearchKit has the possibility to use it and not putting it here returns an error on AppStore Connect.";
				INFOPLIST_KEY_NSMicrophoneUsageDescription = "This message should never appear. Please adjust this when you start using microphone information. We have to put this in here as ResearchKit has the possibility to use it and not putting it here returns an error on AppStore Connect.";
				INFOPLIST_KEY_NSMotionUsageDescription = "This message should never appear. Please adjust this when you start using motion information. We have to put this in here as ResearchKit has the possibility to use it and not putting it here returns an error on AppStore Connect.";
				INFOPLIST_KEY_NSSpeechRecognitionUsageDescription = "This message should never appear. Please adjust this when you start using speecg information. We have to put this in here as ResearchKit has the possibility to use it and not putting it here returns an error on AppStore Connect.";
				INFOPLIST_KEY_UILaunchScreen_Generation = YES;
				INFOPLIST_KEY_UISupportedInterfaceOrientations = UIInterfaceOrientationPortrait;
				INFOPLIST_KEY_UISupportedInterfaceOrientations_iPad = "UIInterfaceOrientationLandscapeLeft UIInterfaceOrientationLandscapeRight UIInterfaceOrientationPortrait UIInterfaceOrientationPortraitUpsideDown";
				LD_RUNPATH_SEARCH_PATHS = (
					"$(inherited)",
					"@executable_path/Frameworks",
				);
				MARKETING_VERSION = 2.0.0;
				PRODUCT_BUNDLE_IDENTIFIER = edu.stanford.hrtex;
				PRODUCT_NAME = "$(TARGET_NAME)";
				PROVISIONING_PROFILE_SPECIFIER = "";
				"PROVISIONING_PROFILE_SPECIFIER[sdk=iphoneos*]" = "ENGAGE-HF - Biodesign Digital Health";
				SUPPORTED_PLATFORMS = "iphoneos iphonesimulator";
				SUPPORTS_MACCATALYST = NO;
				SUPPORTS_MAC_DESIGNED_FOR_IPHONE_IPAD = NO;
				SWIFT_EMIT_LOC_STRINGS = YES;
				SWIFT_VERSION = 6.0;
				TARGETED_DEVICE_FAMILY = "1,2";
			};
			name = Release;
		};
		653A257528338800005D4D48 /* Debug */ = {
			isa = XCBuildConfiguration;
			buildSettings = {
				BUNDLE_LOADER = "$(TEST_HOST)";
				CODE_SIGN_STYLE = Automatic;
				CURRENT_PROJECT_VERSION = 1;
				DEVELOPMENT_TEAM = "";
				GENERATE_INFOPLIST_FILE = YES;
				MARKETING_VERSION = 1.0;
				PRODUCT_BUNDLE_IDENTIFIER = edu.stanford.bdh.engagehf.tests;
				PRODUCT_NAME = "$(TARGET_NAME)";
				TARGETED_DEVICE_FAMILY = "1,2";
				TEST_HOST = "$(BUILT_PRODUCTS_DIR)/ENGAGEHF.app/$(BUNDLE_EXECUTABLE_FOLDER_PATH)/ENGAGEHF";
			};
			name = Debug;
		};
		653A257628338800005D4D48 /* Release */ = {
			isa = XCBuildConfiguration;
			buildSettings = {
				BUNDLE_LOADER = "$(TEST_HOST)";
				CODE_SIGN_STYLE = Automatic;
				CURRENT_PROJECT_VERSION = 1;
				DEVELOPMENT_TEAM = "";
				GENERATE_INFOPLIST_FILE = YES;
				MARKETING_VERSION = 1.0;
				PRODUCT_BUNDLE_IDENTIFIER = edu.stanford.bdh.engagehf.tests;
				PRODUCT_NAME = "$(TARGET_NAME)";
				TARGETED_DEVICE_FAMILY = "1,2";
				TEST_HOST = "$(BUILT_PRODUCTS_DIR)/ENGAGEHF.app/$(BUNDLE_EXECUTABLE_FOLDER_PATH)/ENGAGEHF";
			};
			name = Release;
		};
		653A257828338800005D4D48 /* Debug */ = {
			isa = XCBuildConfiguration;
			buildSettings = {
				CODE_SIGN_STYLE = Automatic;
				CURRENT_PROJECT_VERSION = 1;
				DEVELOPMENT_TEAM = "";
				GENERATE_INFOPLIST_FILE = YES;
				MARKETING_VERSION = 1.0;
				PRODUCT_BUNDLE_IDENTIFIER = edu.stanford.bdh.engagehfuitests;
				PRODUCT_NAME = "$(TARGET_NAME)";
				PROVISIONING_PROFILE = "";
				TARGETED_DEVICE_FAMILY = "1,2";
				TEST_TARGET_NAME = ENGAGEHF;
			};
			name = Debug;
		};
		653A257928338800005D4D48 /* Release */ = {
			isa = XCBuildConfiguration;
			buildSettings = {
				CODE_SIGN_STYLE = Automatic;
				CURRENT_PROJECT_VERSION = 1;
				DEVELOPMENT_TEAM = "";
				GENERATE_INFOPLIST_FILE = YES;
				MARKETING_VERSION = 1.0;
				PRODUCT_BUNDLE_IDENTIFIER = edu.stanford.bdh.engagehfuitests;
				PRODUCT_NAME = "$(TARGET_NAME)";
				PROVISIONING_PROFILE = "";
				TARGETED_DEVICE_FAMILY = "1,2";
				TEST_TARGET_NAME = ENGAGEHF;
			};
			name = Release;
		};
/* End XCBuildConfiguration section */

/* Begin XCConfigurationList section */
		653A2548283387FE005D4D48 /* Build configuration list for PBXProject "ENGAGEHF" */ = {
			isa = XCConfigurationList;
			buildConfigurations = (
				653A256F28338800005D4D48 /* Debug */,
				653A257028338800005D4D48 /* Release */,
			);
			defaultConfigurationIsVisible = 0;
			defaultConfigurationName = Release;
		};
		653A257128338800005D4D48 /* Build configuration list for PBXNativeTarget "ENGAGEHF" */ = {
			isa = XCConfigurationList;
			buildConfigurations = (
				653A257228338800005D4D48 /* Debug */,
				653A257328338800005D4D48 /* Release */,
			);
			defaultConfigurationIsVisible = 0;
			defaultConfigurationName = Release;
		};
		653A257428338800005D4D48 /* Build configuration list for PBXNativeTarget "ENGAGEHFTests" */ = {
			isa = XCConfigurationList;
			buildConfigurations = (
				653A257528338800005D4D48 /* Debug */,
				653A257628338800005D4D48 /* Release */,
			);
			defaultConfigurationIsVisible = 0;
			defaultConfigurationName = Release;
		};
		653A257728338800005D4D48 /* Build configuration list for PBXNativeTarget "ENGAGEHFUITests" */ = {
			isa = XCConfigurationList;
			buildConfigurations = (
				653A257828338800005D4D48 /* Debug */,
				653A257928338800005D4D48 /* Release */,
			);
			defaultConfigurationIsVisible = 0;
			defaultConfigurationName = Release;
		};
/* End XCConfigurationList section */

/* Begin XCRemoteSwiftPackageReference section */
		2F49B7742980407B00BCB272 /* XCRemoteSwiftPackageReference "Spezi" */ = {
			isa = XCRemoteSwiftPackageReference;
			repositoryURL = "https://github.com/StanfordSpezi/Spezi.git";
			requirement = {
				kind = upToNextMajorVersion;
				minimumVersion = 1.9.2;
			};
		};
		2FB099B42A875E2B00B20952 /* XCRemoteSwiftPackageReference "HealthKitOnFHIR" */ = {
			isa = XCRemoteSwiftPackageReference;
			repositoryURL = "https://github.com/StanfordBDHG/HealthKitOnFHIR.git";
			requirement = {
				kind = upToNextMajorVersion;
				minimumVersion = 1.1.2;
			};
		};
		2FE5DC6529EDD894004B9AB4 /* XCRemoteSwiftPackageReference "SpeziContact" */ = {
			isa = XCRemoteSwiftPackageReference;
			repositoryURL = "https://github.com/StanfordSpezi/SpeziContact.git";
			requirement = {
				kind = upToNextMajorVersion;
				minimumVersion = 1.0.2;
			};
		};
		2FE5DC7329EDD8E6004B9AB4 /* XCRemoteSwiftPackageReference "SpeziFirebase" */ = {
			isa = XCRemoteSwiftPackageReference;
			repositoryURL = "https://github.com/StanfordSpezi/SpeziFirebase.git";
			requirement = {
				kind = upToNextMajorVersion;
				minimumVersion = 2.0.7;
			};
		};
		2FE5DC8229EDD934004B9AB4 /* XCRemoteSwiftPackageReference "SpeziQuestionnaire" */ = {
			isa = XCRemoteSwiftPackageReference;
			repositoryURL = "https://github.com/StanfordSpezi/SpeziQuestionnaire.git";
			requirement = {
				kind = upToNextMajorVersion;
				minimumVersion = 1.2.4;
			};
		};
		2FE5DC8D29EDD980004B9AB4 /* XCRemoteSwiftPackageReference "SpeziViews" */ = {
			isa = XCRemoteSwiftPackageReference;
			repositoryURL = "https://github.com/StanfordSpezi/SpeziViews.git";
			requirement = {
				kind = upToNextMajorVersion;
				minimumVersion = 1.12.1;
			};
		};
		2FE5DC9029EDD9C3004B9AB4 /* XCRemoteSwiftPackageReference "firebase-ios-sdk" */ = {
			isa = XCRemoteSwiftPackageReference;
			repositoryURL = "https://github.com/firebase/firebase-ios-sdk.git";
			requirement = {
				kind = upToNextMajorVersion;
				minimumVersion = 12.2.0;
			};
		};
		2FE5DC9729EDD9D9004B9AB4 /* XCRemoteSwiftPackageReference "XCTestExtensions" */ = {
			isa = XCRemoteSwiftPackageReference;
			repositoryURL = "https://github.com/StanfordBDHG/XCTestExtensions.git";
			requirement = {
				kind = upToNextMajorVersion;
				minimumVersion = 1.2.2;
			};
		};
		2FE5DC9A29EDD9EF004B9AB4 /* XCRemoteSwiftPackageReference "XCTHealthKit" */ = {
			isa = XCRemoteSwiftPackageReference;
			repositoryURL = "https://github.com/StanfordBDHG/XCTHealthKit.git";
			requirement = {
				kind = upToNextMajorVersion;
				minimumVersion = 1.1.4;
			};
		};
		5661551B2AB8384200209B80 /* XCRemoteSwiftPackageReference "swift-package-list" */ = {
			isa = XCRemoteSwiftPackageReference;
			repositoryURL = "https://github.com/FelixHerrmann/swift-package-list.git";
			requirement = {
				kind = upToNextMinorVersion;
				minimumVersion = 4.8.0;
			};
		};
		56A037292E0AACD8001E2A00 /* XCRemoteSwiftPackageReference "SpeziAccount" */ = {
			isa = XCRemoteSwiftPackageReference;
			repositoryURL = "https://github.com/StanfordSpezi/SpeziAccount.git";
			requirement = {
				kind = upToNextMajorVersion;
				minimumVersion = 2.3.2;
			};
		};
		56A0372E2E0AB395001E2A00 /* XCRemoteSwiftPackageReference "PhoneNumberKit" */ = {
			isa = XCRemoteSwiftPackageReference;
			repositoryURL = "https://github.com/marmelroy/PhoneNumberKit.git";
			requirement = {
				kind = upToNextMajorVersion;
				minimumVersion = 4.1.4;
			};
		};
		56E708332BB06B7100B08F0A /* XCRemoteSwiftPackageReference "SpeziLicense" */ = {
			isa = XCRemoteSwiftPackageReference;
			repositoryURL = "https://github.com/StanfordSpezi/SpeziLicense.git";
			requirement = {
				kind = upToNextMinorVersion;
				minimumVersion = 1.0.0;
			};
		};
		651E81E52E754B3A007A27E5 /* XCRemoteSwiftPackageReference "SwiftLintPlugins" */ = {
			isa = XCRemoteSwiftPackageReference;
			repositoryURL = "https://github.com/SimplyDanny/SwiftLintPlugins";
			requirement = {
				kind = upToNextMajorVersion;
				minimumVersion = 0.61.0;
			};
		};
		65D39ABB2CE497630040BF71 /* XCRemoteSwiftPackageReference "SpeziNotifications" */ = {
			isa = XCRemoteSwiftPackageReference;
			repositoryURL = "https://github.com/StanfordSpezi/SpeziNotifications.git";
			requirement = {
				kind = upToNextMajorVersion;
				minimumVersion = 1.0.7;
			};
		};
		97F466E62A76BBEE005DC9B4 /* XCRemoteSwiftPackageReference "SpeziOnboarding" */ = {
			isa = XCRemoteSwiftPackageReference;
			repositoryURL = "https://github.com/StanfordSpezi/SpeziOnboarding.git";
			requirement = {
				kind = upToNextMajorVersion;
				minimumVersion = 2.0.2;
			};
		};
		A92F50622E63A2CB0051C0FD /* XCRemoteSwiftPackageReference "SpeziDevices" */ = {
			isa = XCRemoteSwiftPackageReference;
			repositoryURL = "https://github.com/StanfordSpezi/SpeziDevices.git";
			requirement = {
				kind = upToNextMajorVersion;
				minimumVersion = 1.6.0;
			};
		};
		A960D69E2E63978F004C6FED /* XCRemoteSwiftPackageReference "SpeziBluetooth" */ = {
			isa = XCRemoteSwiftPackageReference;
			repositoryURL = "https://github.com/StanfordSpezi/SpeziBluetooth.git";
			requirement = {
				kind = upToNextMajorVersion;
				minimumVersion = 3.3.1;
			};
		};
		A9A0BF012C13121D00B8F3F3 /* XCRemoteSwiftPackageReference "SpeziNetworking" */ = {
			isa = XCRemoteSwiftPackageReference;
			repositoryURL = "https://github.com/StanfordSpezi/SpeziNetworking.git";
			requirement = {
				kind = upToNextMajorVersion;
				minimumVersion = 2.3.0;
			};
		};
/* End XCRemoteSwiftPackageReference section */

/* Begin XCSwiftPackageProductDependency section */
		2F49B7752980407B00BCB272 /* Spezi */ = {
			isa = XCSwiftPackageProductDependency;
			package = 2F49B7742980407B00BCB272 /* XCRemoteSwiftPackageReference "Spezi" */;
			productName = Spezi;
		};
		2FB099AE2A875DF100B20952 /* FirebaseAuth */ = {
			isa = XCSwiftPackageProductDependency;
			package = 2FE5DC9029EDD9C3004B9AB4 /* XCRemoteSwiftPackageReference "firebase-ios-sdk" */;
			productName = FirebaseAuth;
		};
		2FB099B02A875DF100B20952 /* FirebaseFirestore */ = {
			isa = XCSwiftPackageProductDependency;
			package = 2FE5DC9029EDD9C3004B9AB4 /* XCRemoteSwiftPackageReference "firebase-ios-sdk" */;
			productName = FirebaseFirestore;
		};
		2FB099B52A875E2B00B20952 /* HealthKitOnFHIR */ = {
			isa = XCSwiftPackageProductDependency;
			package = 2FB099B42A875E2B00B20952 /* XCRemoteSwiftPackageReference "HealthKitOnFHIR" */;
			productName = HealthKitOnFHIR;
		};
		2FE5DC6629EDD894004B9AB4 /* SpeziContact */ = {
			isa = XCSwiftPackageProductDependency;
			package = 2FE5DC6529EDD894004B9AB4 /* XCRemoteSwiftPackageReference "SpeziContact" */;
			productName = SpeziContact;
		};
		2FE5DC7429EDD8E6004B9AB4 /* SpeziFirebaseAccount */ = {
			isa = XCSwiftPackageProductDependency;
			package = 2FE5DC7329EDD8E6004B9AB4 /* XCRemoteSwiftPackageReference "SpeziFirebase" */;
			productName = SpeziFirebaseAccount;
		};
		2FE5DC7629EDD8E6004B9AB4 /* SpeziFirebaseConfiguration */ = {
			isa = XCSwiftPackageProductDependency;
			package = 2FE5DC7329EDD8E6004B9AB4 /* XCRemoteSwiftPackageReference "SpeziFirebase" */;
			productName = SpeziFirebaseConfiguration;
		};
		2FE5DC7829EDD8E6004B9AB4 /* SpeziFirestore */ = {
			isa = XCSwiftPackageProductDependency;
			package = 2FE5DC7329EDD8E6004B9AB4 /* XCRemoteSwiftPackageReference "SpeziFirebase" */;
			productName = SpeziFirestore;
		};
		2FE5DC8029EDD91D004B9AB4 /* SpeziOnboarding */ = {
			isa = XCSwiftPackageProductDependency;
			package = 97F466E62A76BBEE005DC9B4 /* XCRemoteSwiftPackageReference "SpeziOnboarding" */;
			productName = SpeziOnboarding;
		};
		2FE5DC8329EDD934004B9AB4 /* SpeziQuestionnaire */ = {
			isa = XCSwiftPackageProductDependency;
			package = 2FE5DC8229EDD934004B9AB4 /* XCRemoteSwiftPackageReference "SpeziQuestionnaire" */;
			productName = SpeziQuestionnaire;
		};
		2FE5DC8E29EDD980004B9AB4 /* SpeziViews */ = {
			isa = XCSwiftPackageProductDependency;
			package = 2FE5DC8D29EDD980004B9AB4 /* XCRemoteSwiftPackageReference "SpeziViews" */;
			productName = SpeziViews;
		};
		2FE5DC9829EDD9D9004B9AB4 /* XCTestExtensions */ = {
			isa = XCSwiftPackageProductDependency;
			package = 2FE5DC9729EDD9D9004B9AB4 /* XCRemoteSwiftPackageReference "XCTestExtensions" */;
			productName = XCTestExtensions;
		};
		2FE5DC9B29EDD9EF004B9AB4 /* XCTHealthKit */ = {
			isa = XCSwiftPackageProductDependency;
			package = 2FE5DC9A29EDD9EF004B9AB4 /* XCRemoteSwiftPackageReference "XCTHealthKit" */;
			productName = XCTHealthKit;
		};
		4DBDD3472BC073EF001FB0CA /* FirebaseFunctions */ = {
			isa = XCSwiftPackageProductDependency;
			package = 2FE5DC9029EDD9C3004B9AB4 /* XCRemoteSwiftPackageReference "firebase-ios-sdk" */;
			productName = FirebaseFunctions;
		};
		56A0372A2E0AACD9001E2A00 /* SpeziAccount */ = {
			isa = XCSwiftPackageProductDependency;
			package = 56A037292E0AACD8001E2A00 /* XCRemoteSwiftPackageReference "SpeziAccount" */;
			productName = SpeziAccount;
		};
		56A0372C2E0AACD9001E2A00 /* SpeziAccountPhoneNumbers */ = {
			isa = XCSwiftPackageProductDependency;
			package = 56A037292E0AACD8001E2A00 /* XCRemoteSwiftPackageReference "SpeziAccount" */;
			productName = SpeziAccountPhoneNumbers;
		};
		56A0372F2E0AB395001E2A00 /* PhoneNumberKit */ = {
			isa = XCSwiftPackageProductDependency;
			package = 56A0372E2E0AB395001E2A00 /* XCRemoteSwiftPackageReference "PhoneNumberKit" */;
			productName = PhoneNumberKit;
		};
		56E708342BB06B7100B08F0A /* SpeziLicense */ = {
			isa = XCSwiftPackageProductDependency;
			package = 56E708332BB06B7100B08F0A /* XCRemoteSwiftPackageReference "SpeziLicense" */;
			productName = SpeziLicense;
		};
		56E7083A2BB06F6F00B08F0A /* SwiftPackageList */ = {
			isa = XCSwiftPackageProductDependency;
			package = 5661551B2AB8384200209B80 /* XCRemoteSwiftPackageReference "swift-package-list" */;
			productName = SwiftPackageList;
		};
		56E7083C2BB06FCA00B08F0A /* SwiftPackageListPlugin */ = {
			isa = XCSwiftPackageProductDependency;
			package = 5661551B2AB8384200209B80 /* XCRemoteSwiftPackageReference "swift-package-list" */;
			productName = "plugin:SwiftPackageListPlugin";
		};
		651E81E62E754B43007A27E5 /* SwiftLintBuildToolPlugin */ = {
			isa = XCSwiftPackageProductDependency;
			package = 651E81E52E754B3A007A27E5 /* XCRemoteSwiftPackageReference "SwiftLintPlugins" */;
			productName = "plugin:SwiftLintBuildToolPlugin";
		};
		65D39ABC2CE497630040BF71 /* SpeziNotifications */ = {
			isa = XCSwiftPackageProductDependency;
			package = 65D39ABB2CE497630040BF71 /* XCRemoteSwiftPackageReference "SpeziNotifications" */;
			productName = SpeziNotifications;
		};
		9739A0C52AD7B5730084BEA5 /* FirebaseStorage */ = {
			isa = XCSwiftPackageProductDependency;
			package = 2FE5DC9029EDD9C3004B9AB4 /* XCRemoteSwiftPackageReference "firebase-ios-sdk" */;
			productName = FirebaseStorage;
		};
		97D73D692AD860AD00B47FA0 /* SpeziFirebaseStorage */ = {
			isa = XCSwiftPackageProductDependency;
			package = 2FE5DC7329EDD8E6004B9AB4 /* XCRemoteSwiftPackageReference "SpeziFirebase" */;
			productName = SpeziFirebaseStorage;
		};
		9B0723AA2C8F6AE700D901E5 /* FirebaseMessaging */ = {
			isa = XCSwiftPackageProductDependency;
			package = 2FE5DC9029EDD9C3004B9AB4 /* XCRemoteSwiftPackageReference "firebase-ios-sdk" */;
			productName = FirebaseMessaging;
		};
		A91D1F842DE1E72F0082407B /* SpeziBluetooth */ = {
			isa = XCSwiftPackageProductDependency;
			productName = SpeziBluetooth;
		};
		A91D1F862DE1E72F0082407B /* SpeziBluetoothServices */ = {
			isa = XCSwiftPackageProductDependency;
			productName = SpeziBluetoothServices;
		};
		A92F50632E63A2CB0051C0FD /* SpeziDevices */ = {
			isa = XCSwiftPackageProductDependency;
			package = A92F50622E63A2CB0051C0FD /* XCRemoteSwiftPackageReference "SpeziDevices" */;
			productName = SpeziDevices;
		};
		A92F50652E63A2CB0051C0FD /* SpeziDevicesUI */ = {
			isa = XCSwiftPackageProductDependency;
			package = A92F50622E63A2CB0051C0FD /* XCRemoteSwiftPackageReference "SpeziDevices" */;
			productName = SpeziDevicesUI;
		};
		A92F50672E63A2CB0051C0FD /* SpeziOmron */ = {
			isa = XCSwiftPackageProductDependency;
			package = A92F50622E63A2CB0051C0FD /* XCRemoteSwiftPackageReference "SpeziDevices" */;
			productName = SpeziOmron;
		};
		A960D69F2E63978F004C6FED /* SpeziBluetooth */ = {
			isa = XCSwiftPackageProductDependency;
			package = A960D69E2E63978F004C6FED /* XCRemoteSwiftPackageReference "SpeziBluetooth" */;
			productName = SpeziBluetooth;
		};
		A9A0BF022C13121D00B8F3F3 /* SpeziNumerics */ = {
			isa = XCSwiftPackageProductDependency;
			package = A9A0BF012C13121D00B8F3F3 /* XCRemoteSwiftPackageReference "SpeziNetworking" */;
			productName = SpeziNumerics;
		};
		A9D83F952B083794000D0C78 /* SpeziFirebaseAccountStorage */ = {
			isa = XCSwiftPackageProductDependency;
			package = 2FE5DC7329EDD8E6004B9AB4 /* XCRemoteSwiftPackageReference "SpeziFirebase" */;
			productName = SpeziFirebaseAccountStorage;
		};
/* End XCSwiftPackageProductDependency section */
	};
	rootObject = 653A2545283387FE005D4D48 /* Project object */;
}
